
Microsoft Visual Studio Solution File, Format Version 12.00
# Visual Studio Version 16
VisualStudioVersion = 16.0.30225.117
MinimumVisualStudioVersion = 10.0.40219.1
Project("{FAE04EC0-301F-11D3-BF4B-00C04F79EFBC}") = "AccountOwnerServer", "AccountOwnerServer\AccountOwnerServer.csproj", "{5A4C6295-877C-4DD3-B6E8-93AFCA7ECF93}"
EndProject
Global
	GlobalSection(SolutionConfigurationPlatforms) = preSolution
		Debug|Any CPU = Debug|Any CPU
		Release|Any CPU = Release|Any CPU
	EndGlobalSection
	GlobalSection(ProjectConfigurationPlatforms) = postSolution
		{5A4C6295-877C-4DD3-B6E8-93AFCA7ECF93}.Debug|Any CPU.ActiveCfg = Debug|Any CPU
		{5A4C6295-877C-4DD3-B6E8-93AFCA7ECF93}.Debug|Any CPU.Build.0 = Debug|Any CPU
		{5A4C6295-877C-4DD3-B6E8-93AFCA7ECF93}.Release|Any CPU.ActiveCfg = Release|Any CPU
		{5A4C6295-877C-4DD3-B6E8-93AFCA7ECF93}.Release|Any CPU.Build.0 = Release|Any CPU
	EndGlobalSection
	GlobalSection(SolutionProperties) = preSolution
		HideSolutionNode = FALSE
	EndGlobalSection
	GlobalSection(ExtensibilityGlobals) = postSolution
		SolutionGuid = {28B9ED84-5920-45BB-8422-A73BF88422F1}
	EndGlobalSection
EndGlobal
